// !$*UTF8*$!
{
	archiveVersion = 1;
	classes = {
	};
	objectVersion = 50;
	objects = {

/* Begin PBXBuildFile section */
		B81D78AE262DEF0C003E11CC /* FollowerCell.swift in Sources */ = {isa = PBXBuildFile; fileRef = B81D78AD262DEF0C003E11CC /* FollowerCell.swift */; };
		B81D78B1262DEF75003E11CC /* GFAvatarImageView.swift in Sources */ = {isa = PBXBuildFile; fileRef = B81D78B0262DEF75003E11CC /* GFAvatarImageView.swift */; };
		B8455515262B3DEE00D7A450 /* GFButton.swift in Sources */ = {isa = PBXBuildFile; fileRef = B8455514262B3DEE00D7A450 /* GFButton.swift */; };
		B8455518262B42EE00D7A450 /* GFTextField.swift in Sources */ = {isa = PBXBuildFile; fileRef = B8455517262B42EE00D7A450 /* GFTextField.swift */; };
		B845551B262C456900D7A450 /* FollowersListVC.swift in Sources */ = {isa = PBXBuildFile; fileRef = B845551A262C456900D7A450 /* FollowersListVC.swift */; };
		B845551E262C7F4300D7A450 /* GFTitleLabel.swift in Sources */ = {isa = PBXBuildFile; fileRef = B845551D262C7F4300D7A450 /* GFTitleLabel.swift */; };
		B8455522262C826A00D7A450 /* GFBodyLabel.swift in Sources */ = {isa = PBXBuildFile; fileRef = B8455521262C826A00D7A450 /* GFBodyLabel.swift */; };
		B8455525262C86A000D7A450 /* GFAlertContainerView.swift in Sources */ = {isa = PBXBuildFile; fileRef = B8455524262C86A000D7A450 /* GFAlertContainerView.swift */; };
		B8455528262C86B600D7A450 /* GFAlertVC.swift in Sources */ = {isa = PBXBuildFile; fileRef = B8455527262C86B600D7A450 /* GFAlertVC.swift */; };
		B845552B262C921E00D7A450 /* UIViewController+Ext.swift in Sources */ = {isa = PBXBuildFile; fileRef = B845552A262C921E00D7A450 /* UIViewController+Ext.swift */; };
		B8455536262CA34A00D7A450 /* Follower.swift in Sources */ = {isa = PBXBuildFile; fileRef = B8455535262CA34A00D7A450 /* Follower.swift */; };
		B845553A262CA35100D7A450 /* User.swift in Sources */ = {isa = PBXBuildFile; fileRef = B8455539262CA35100D7A450 /* User.swift */; };
		B845553E262CB4B900D7A450 /* NetworkManager.swift in Sources */ = {isa = PBXBuildFile; fileRef = B845553D262CB4B900D7A450 /* NetworkManager.swift */; };
		B8455542262CC14F00D7A450 /* GFError.swift in Sources */ = {isa = PBXBuildFile; fileRef = B8455541262CC14F00D7A450 /* GFError.swift */; };
		B88D17F62635DEE400AA5B82 /* Constants.swift in Sources */ = {isa = PBXBuildFile; fileRef = B88D17F52635DEE400AA5B82 /* Constants.swift */; };
		B88D17F92635DFEC00AA5B82 /* GFUserInfoHeaderVC.swift in Sources */ = {isa = PBXBuildFile; fileRef = B88D17F82635DFEC00AA5B82 /* GFUserInfoHeaderVC.swift */; };
		B88D17FC2635E07100AA5B82 /* GFSecondaryTitleLabel.swift in Sources */ = {isa = PBXBuildFile; fileRef = B88D17FB2635E07100AA5B82 /* GFSecondaryTitleLabel.swift */; };
		B88D17FF2635FE5200AA5B82 /* GFItemInfoView.swift in Sources */ = {isa = PBXBuildFile; fileRef = B88D17FE2635FE5200AA5B82 /* GFItemInfoView.swift */; };
		B89988AE2634ABB7000D2593 /* UserInfoVC.swift in Sources */ = {isa = PBXBuildFile; fileRef = B89988AD2634ABB7000D2593 /* UserInfoVC.swift */; };
		B8A780AF2634821B0021AE79 /* GFEmptyStateView.swift in Sources */ = {isa = PBXBuildFile; fileRef = B8A780AE2634821B0021AE79 /* GFEmptyStateView.swift */; };
		B8DC5E07262B10A2009193C4 /* AppDelegate.swift in Sources */ = {isa = PBXBuildFile; fileRef = B8DC5E06262B10A2009193C4 /* AppDelegate.swift */; };
		B8DC5E09262B10A2009193C4 /* SceneDelegate.swift in Sources */ = {isa = PBXBuildFile; fileRef = B8DC5E08262B10A2009193C4 /* SceneDelegate.swift */; };
		B8DC5E10262B10A4009193C4 /* Assets.xcassets in Resources */ = {isa = PBXBuildFile; fileRef = B8DC5E0F262B10A4009193C4 /* Assets.xcassets */; };
		B8DC5E13262B10A4009193C4 /* LaunchScreen.storyboard in Resources */ = {isa = PBXBuildFile; fileRef = B8DC5E11262B10A4009193C4 /* LaunchScreen.storyboard */; };
		B8DC5E1E262B2840009193C4 /* SearchVC.swift in Sources */ = {isa = PBXBuildFile; fileRef = B8DC5E1D262B2840009193C4 /* SearchVC.swift */; };
		B8DC5E21262B2853009193C4 /* FavoritesVC.swift in Sources */ = {isa = PBXBuildFile; fileRef = B8DC5E20262B2853009193C4 /* FavoritesVC.swift */; };
		B8E65E39263700AE0031DA29 /* GFItemInfoVC.swift in Sources */ = {isa = PBXBuildFile; fileRef = B8E65E38263700AE0031DA29 /* GFItemInfoVC.swift */; };
		B8F5997426307C8300720067 /* UIHelper.swift in Sources */ = {isa = PBXBuildFile; fileRef = B8F5997326307C8300720067 /* UIHelper.swift */; };
/* End PBXBuildFile section */

/* Begin PBXFileReference section */
		B81D78AD262DEF0C003E11CC /* FollowerCell.swift */ = {isa = PBXFileReference; lastKnownFileType = sourcecode.swift; path = FollowerCell.swift; sourceTree = "<group>"; };
		B81D78B0262DEF75003E11CC /* GFAvatarImageView.swift */ = {isa = PBXFileReference; lastKnownFileType = sourcecode.swift; path = GFAvatarImageView.swift; sourceTree = "<group>"; };
		B8455514262B3DEE00D7A450 /* GFButton.swift */ = {isa = PBXFileReference; lastKnownFileType = sourcecode.swift; path = GFButton.swift; sourceTree = "<group>"; };
		B8455517262B42EE00D7A450 /* GFTextField.swift */ = {isa = PBXFileReference; lastKnownFileType = sourcecode.swift; path = GFTextField.swift; sourceTree = "<group>"; };
		B845551A262C456900D7A450 /* FollowersListVC.swift */ = {isa = PBXFileReference; lastKnownFileType = sourcecode.swift; path = FollowersListVC.swift; sourceTree = "<group>"; };
		B845551D262C7F4300D7A450 /* GFTitleLabel.swift */ = {isa = PBXFileReference; lastKnownFileType = sourcecode.swift; path = GFTitleLabel.swift; sourceTree = "<group>"; };
		B8455521262C826A00D7A450 /* GFBodyLabel.swift */ = {isa = PBXFileReference; lastKnownFileType = sourcecode.swift; path = GFBodyLabel.swift; sourceTree = "<group>"; };
		B8455524262C86A000D7A450 /* GFAlertContainerView.swift */ = {isa = PBXFileReference; lastKnownFileType = sourcecode.swift; path = GFAlertContainerView.swift; sourceTree = "<group>"; };
		B8455527262C86B600D7A450 /* GFAlertVC.swift */ = {isa = PBXFileReference; lastKnownFileType = sourcecode.swift; path = GFAlertVC.swift; sourceTree = "<group>"; };
		B845552A262C921E00D7A450 /* UIViewController+Ext.swift */ = {isa = PBXFileReference; lastKnownFileType = sourcecode.swift; path = "UIViewController+Ext.swift"; sourceTree = "<group>"; };
		B8455535262CA34A00D7A450 /* Follower.swift */ = {isa = PBXFileReference; lastKnownFileType = sourcecode.swift; path = Follower.swift; sourceTree = "<group>"; };
		B8455539262CA35100D7A450 /* User.swift */ = {isa = PBXFileReference; lastKnownFileType = sourcecode.swift; path = User.swift; sourceTree = "<group>"; };
		B845553D262CB4B900D7A450 /* NetworkManager.swift */ = {isa = PBXFileReference; lastKnownFileType = sourcecode.swift; path = NetworkManager.swift; sourceTree = "<group>"; };
		B8455541262CC14F00D7A450 /* GFError.swift */ = {isa = PBXFileReference; lastKnownFileType = sourcecode.swift; path = GFError.swift; sourceTree = "<group>"; };
		B88D17F52635DEE400AA5B82 /* Constants.swift */ = {isa = PBXFileReference; lastKnownFileType = sourcecode.swift; path = Constants.swift; sourceTree = "<group>"; };
		B88D17F82635DFEC00AA5B82 /* GFUserInfoHeaderVC.swift */ = {isa = PBXFileReference; lastKnownFileType = sourcecode.swift; path = GFUserInfoHeaderVC.swift; sourceTree = "<group>"; };
		B88D17FB2635E07100AA5B82 /* GFSecondaryTitleLabel.swift */ = {isa = PBXFileReference; lastKnownFileType = sourcecode.swift; path = GFSecondaryTitleLabel.swift; sourceTree = "<group>"; };
		B88D17FE2635FE5200AA5B82 /* GFItemInfoView.swift */ = {isa = PBXFileReference; lastKnownFileType = sourcecode.swift; path = GFItemInfoView.swift; sourceTree = "<group>"; };
		B89988AD2634ABB7000D2593 /* UserInfoVC.swift */ = {isa = PBXFileReference; lastKnownFileType = sourcecode.swift; path = UserInfoVC.swift; sourceTree = "<group>"; };
		B8A780AE2634821B0021AE79 /* GFEmptyStateView.swift */ = {isa = PBXFileReference; lastKnownFileType = sourcecode.swift; path = GFEmptyStateView.swift; sourceTree = "<group>"; };
		B8DC5E03262B10A2009193C4 /* GitHub Followers.app */ = {isa = PBXFileReference; explicitFileType = wrapper.application; includeInIndex = 0; path = "GitHub Followers.app"; sourceTree = BUILT_PRODUCTS_DIR; };
		B8DC5E06262B10A2009193C4 /* AppDelegate.swift */ = {isa = PBXFileReference; lastKnownFileType = sourcecode.swift; path = AppDelegate.swift; sourceTree = "<group>"; };
		B8DC5E08262B10A2009193C4 /* SceneDelegate.swift */ = {isa = PBXFileReference; lastKnownFileType = sourcecode.swift; path = SceneDelegate.swift; sourceTree = "<group>"; };
		B8DC5E0F262B10A4009193C4 /* Assets.xcassets */ = {isa = PBXFileReference; lastKnownFileType = folder.assetcatalog; path = Assets.xcassets; sourceTree = "<group>"; };
		B8DC5E12262B10A4009193C4 /* Base */ = {isa = PBXFileReference; lastKnownFileType = file.storyboard; name = Base; path = Base.lproj/LaunchScreen.storyboard; sourceTree = "<group>"; };
		B8DC5E14262B10A4009193C4 /* Info.plist */ = {isa = PBXFileReference; lastKnownFileType = text.plist.xml; path = Info.plist; sourceTree = "<group>"; };
		B8DC5E1D262B2840009193C4 /* SearchVC.swift */ = {isa = PBXFileReference; lastKnownFileType = sourcecode.swift; path = SearchVC.swift; sourceTree = "<group>"; };
		B8DC5E20262B2853009193C4 /* FavoritesVC.swift */ = {isa = PBXFileReference; lastKnownFileType = sourcecode.swift; path = FavoritesVC.swift; sourceTree = "<group>"; };
		B8E65E38263700AE0031DA29 /* GFItemInfoVC.swift */ = {isa = PBXFileReference; lastKnownFileType = sourcecode.swift; path = GFItemInfoVC.swift; sourceTree = "<group>"; };
		B8F5997326307C8300720067 /* UIHelper.swift */ = {isa = PBXFileReference; lastKnownFileType = sourcecode.swift; path = UIHelper.swift; sourceTree = "<group>"; };
/* End PBXFileReference section */

/* Begin PBXFrameworksBuildPhase section */
		B8DC5E00262B10A2009193C4 /* Frameworks */ = {
			isa = PBXFrameworksBuildPhase;
			buildActionMask = 2147483647;
			files = (
			);
			runOnlyForDeploymentPostprocessing = 0;
		};
/* End PBXFrameworksBuildPhase section */

/* Begin PBXGroup section */
		B81D78AC262DEEE1003E11CC /* Cells */ = {
			isa = PBXGroup;
			children = (
				B81D78AD262DEF0C003E11CC /* FollowerCell.swift */,
			);
			path = Cells;
			sourceTree = "<group>";
		};
		B845552E262C98E200D7A450 /* Extensions */ = {
			isa = PBXGroup;
			children = (
				B845552A262C921E00D7A450 /* UIViewController+Ext.swift */,
			);
			path = Extensions;
			sourceTree = "<group>";
		};
		B845552F262C98E800D7A450 /* Screens */ = {
			isa = PBXGroup;
			children = (
				B8DC5E1D262B2840009193C4 /* SearchVC.swift */,
				B845551A262C456900D7A450 /* FollowersListVC.swift */,
				B89988AD2634ABB7000D2593 /* UserInfoVC.swift */,
				B8DC5E20262B2853009193C4 /* FavoritesVC.swift */,
			);
			path = Screens;
			sourceTree = "<group>";
		};
		B8455530262C98EC00D7A450 /* Custom Views */ = {
			isa = PBXGroup;
			children = (
				B8A780AD263481F10021AE79 /* ViewControllers */,
				B8A780AC263481ED0021AE79 /* Views */,
				B8A780AB263481E20021AE79 /* ImageViews */,
				B8A780AA263481D30021AE79 /* Labels */,
				B8A780A9263481BA0021AE79 /* TextFields */,
				B8A780A8263481AD0021AE79 /* Buttons */,
				B81D78AC262DEEE1003E11CC /* Cells */,
			);
			path = "Custom Views";
			sourceTree = "<group>";
		};
		B8455531262C98F500D7A450 /* Support */ = {
			isa = PBXGroup;
			children = (
				B8DC5E06262B10A2009193C4 /* AppDelegate.swift */,
				B8DC5E08262B10A2009193C4 /* SceneDelegate.swift */,
				B8DC5E0F262B10A4009193C4 /* Assets.xcassets */,
				B8DC5E11262B10A4009193C4 /* LaunchScreen.storyboard */,
			);
			path = Support;
			sourceTree = "<group>";
		};
		B8455534262CA33E00D7A450 /* Model */ = {
			isa = PBXGroup;
			children = (
				B8455535262CA34A00D7A450 /* Follower.swift */,
				B8455539262CA35100D7A450 /* User.swift */,
			);
			path = Model;
			sourceTree = "<group>";
		};
		B845553C262CB4AC00D7A450 /* Managers */ = {
			isa = PBXGroup;
			children = (
				B845553D262CB4B900D7A450 /* NetworkManager.swift */,
			);
			path = Managers;
			sourceTree = "<group>";
		};
		B8455540262CC13A00D7A450 /* Utilities */ = {
			isa = PBXGroup;
			children = (
				B8455541262CC14F00D7A450 /* GFError.swift */,
				B8F5997326307C8300720067 /* UIHelper.swift */,
				B88D17F52635DEE400AA5B82 /* Constants.swift */,
			);
			path = Utilities;
			sourceTree = "<group>";
		};
		B8A780A8263481AD0021AE79 /* Buttons */ = {
			isa = PBXGroup;
			children = (
				B8455514262B3DEE00D7A450 /* GFButton.swift */,
			);
			path = Buttons;
			sourceTree = "<group>";
		};
		B8A780A9263481BA0021AE79 /* TextFields */ = {
			isa = PBXGroup;
			children = (
				B8455517262B42EE00D7A450 /* GFTextField.swift */,
			);
			path = TextFields;
			sourceTree = "<group>";
		};
		B8A780AA263481D30021AE79 /* Labels */ = {
			isa = PBXGroup;
			children = (
				B8455521262C826A00D7A450 /* GFBodyLabel.swift */,
				B845551D262C7F4300D7A450 /* GFTitleLabel.swift */,
				B88D17FB2635E07100AA5B82 /* GFSecondaryTitleLabel.swift */,
			);
			path = Labels;
			sourceTree = "<group>";
		};
		B8A780AB263481E20021AE79 /* ImageViews */ = {
			isa = PBXGroup;
			children = (
				B81D78B0262DEF75003E11CC /* GFAvatarImageView.swift */,
			);
			path = ImageViews;
			sourceTree = "<group>";
		};
		B8A780AC263481ED0021AE79 /* Views */ = {
			isa = PBXGroup;
			children = (
				B8455524262C86A000D7A450 /* GFAlertContainerView.swift */,
				B8A780AE2634821B0021AE79 /* GFEmptyStateView.swift */,
				B88D17FE2635FE5200AA5B82 /* GFItemInfoView.swift */,
			);
			path = Views;
			sourceTree = "<group>";
		};
		B8A780AD263481F10021AE79 /* ViewControllers */ = {
			isa = PBXGroup;
			children = (
				B8455527262C86B600D7A450 /* GFAlertVC.swift */,
				B88D17F82635DFEC00AA5B82 /* GFUserInfoHeaderVC.swift */,
				B8E65E38263700AE0031DA29 /* GFItemInfoVC.swift */,
			);
			path = ViewControllers;
			sourceTree = "<group>";
		};
		B8DC5DFA262B10A1009193C4 = {
			isa = PBXGroup;
			children = (
				B8DC5E05262B10A2009193C4 /* GitHub Followers */,
				B8DC5E04262B10A2009193C4 /* Products */,
			);
			sourceTree = "<group>";
		};
		B8DC5E04262B10A2009193C4 /* Products */ = {
			isa = PBXGroup;
			children = (
				B8DC5E03262B10A2009193C4 /* GitHub Followers.app */,
			);
			name = Products;
			sourceTree = "<group>";
		};
		B8DC5E05262B10A2009193C4 /* GitHub Followers */ = {
			isa = PBXGroup;
			children = (
				B8455540262CC13A00D7A450 /* Utilities */,
				B845553C262CB4AC00D7A450 /* Managers */,
				B8455534262CA33E00D7A450 /* Model */,
				B845552F262C98E800D7A450 /* Screens */,
				B8455530262C98EC00D7A450 /* Custom Views */,
				B845552E262C98E200D7A450 /* Extensions */,
				B8455531262C98F500D7A450 /* Support */,
				B8DC5E14262B10A4009193C4 /* Info.plist */,
			);
			path = "GitHub Followers";
			sourceTree = "<group>";
		};
/* End PBXGroup section */

/* Begin PBXNativeTarget section */
		B8DC5E02262B10A2009193C4 /* GitHub Followers */ = {
			isa = PBXNativeTarget;
			buildConfigurationList = B8DC5E17262B10A4009193C4 /* Build configuration list for PBXNativeTarget "GitHub Followers" */;
			buildPhases = (
				B8DC5DFF262B10A2009193C4 /* Sources */,
				B8DC5E00262B10A2009193C4 /* Frameworks */,
				B8DC5E01262B10A2009193C4 /* Resources */,
			);
			buildRules = (
			);
			dependencies = (
			);
			name = "GitHub Followers";
			productName = "GitHub Followers";
			productReference = B8DC5E03262B10A2009193C4 /* GitHub Followers.app */;
			productType = "com.apple.product-type.application";
		};
/* End PBXNativeTarget section */

/* Begin PBXProject section */
		B8DC5DFB262B10A1009193C4 /* Project object */ = {
			isa = PBXProject;
			attributes = {
				LastSwiftUpdateCheck = 1240;
				LastUpgradeCheck = 1240;
				TargetAttributes = {
					B8DC5E02262B10A2009193C4 = {
						CreatedOnToolsVersion = 12.4;
					};
				};
			};
			buildConfigurationList = B8DC5DFE262B10A1009193C4 /* Build configuration list for PBXProject "GitHub Followers" */;
			compatibilityVersion = "Xcode 9.3";
			developmentRegion = en;
			hasScannedForEncodings = 0;
			knownRegions = (
				en,
				Base,
			);
			mainGroup = B8DC5DFA262B10A1009193C4;
			productRefGroup = B8DC5E04262B10A2009193C4 /* Products */;
			projectDirPath = "";
			projectRoot = "";
			targets = (
				B8DC5E02262B10A2009193C4 /* GitHub Followers */,
			);
		};
/* End PBXProject section */

/* Begin PBXResourcesBuildPhase section */
		B8DC5E01262B10A2009193C4 /* Resources */ = {
			isa = PBXResourcesBuildPhase;
			buildActionMask = 2147483647;
			files = (
				B8DC5E13262B10A4009193C4 /* LaunchScreen.storyboard in Resources */,
				B8DC5E10262B10A4009193C4 /* Assets.xcassets in Resources */,
			);
			runOnlyForDeploymentPostprocessing = 0;
		};
/* End PBXResourcesBuildPhase section */

/* Begin PBXSourcesBuildPhase section */
		B8DC5DFF262B10A2009193C4 /* Sources */ = {
			isa = PBXSourcesBuildPhase;
			buildActionMask = 2147483647;
			files = (
				B8455518262B42EE00D7A450 /* GFTextField.swift in Sources */,
				B88D17F62635DEE400AA5B82 /* Constants.swift in Sources */,
				B845551B262C456900D7A450 /* FollowersListVC.swift in Sources */,
				B8A780AF2634821B0021AE79 /* GFEmptyStateView.swift in Sources */,
				B845552B262C921E00D7A450 /* UIViewController+Ext.swift in Sources */,
				B8DC5E21262B2853009193C4 /* FavoritesVC.swift in Sources */,
				B8455515262B3DEE00D7A450 /* GFButton.swift in Sources */,
				B8455522262C826A00D7A450 /* GFBodyLabel.swift in Sources */,
				B845553A262CA35100D7A450 /* User.swift in Sources */,
				B81D78AE262DEF0C003E11CC /* FollowerCell.swift in Sources */,
				B81D78B1262DEF75003E11CC /* GFAvatarImageView.swift in Sources */,
				B8455528262C86B600D7A450 /* GFAlertVC.swift in Sources */,
				B89988AE2634ABB7000D2593 /* UserInfoVC.swift in Sources */,
				B88D17FC2635E07100AA5B82 /* GFSecondaryTitleLabel.swift in Sources */,
				B8455536262CA34A00D7A450 /* Follower.swift in Sources */,
				B8DC5E1E262B2840009193C4 /* SearchVC.swift in Sources */,
				B88D17F92635DFEC00AA5B82 /* GFUserInfoHeaderVC.swift in Sources */,
				B8DC5E07262B10A2009193C4 /* AppDelegate.swift in Sources */,
				B8E65E39263700AE0031DA29 /* GFItemInfoVC.swift in Sources */,
				B845551E262C7F4300D7A450 /* GFTitleLabel.swift in Sources */,
				B8455542262CC14F00D7A450 /* GFError.swift in Sources */,
				B8F5997426307C8300720067 /* UIHelper.swift in Sources */,
				B845553E262CB4B900D7A450 /* NetworkManager.swift in Sources */,
				B88D17FF2635FE5200AA5B82 /* GFItemInfoView.swift in Sources */,
				B8455525262C86A000D7A450 /* GFAlertContainerView.swift in Sources */,
				B8DC5E09262B10A2009193C4 /* SceneDelegate.swift in Sources */,
			);
			runOnlyForDeploymentPostprocessing = 0;
		};
/* End PBXSourcesBuildPhase section */

/* Begin PBXVariantGroup section */
		B8DC5E11262B10A4009193C4 /* LaunchScreen.storyboard */ = {
			isa = PBXVariantGroup;
			children = (
				B8DC5E12262B10A4009193C4 /* Base */,
			);
			name = LaunchScreen.storyboard;
			sourceTree = "<group>";
		};
/* End PBXVariantGroup section */

/* Begin XCBuildConfiguration section */
		B8DC5E15262B10A4009193C4 /* Debug */ = {
			isa = XCBuildConfiguration;
			buildSettings = {
				ALWAYS_SEARCH_USER_PATHS = NO;
				CLANG_ANALYZER_NONNULL = YES;
				CLANG_ANALYZER_NUMBER_OBJECT_CONVERSION = YES_AGGRESSIVE;
				CLANG_CXX_LANGUAGE_STANDARD = "gnu++14";
				CLANG_CXX_LIBRARY = "libc++";
				CLANG_ENABLE_MODULES = YES;
				CLANG_ENABLE_OBJC_ARC = YES;
				CLANG_ENABLE_OBJC_WEAK = YES;
				CLANG_WARN_BLOCK_CAPTURE_AUTORELEASING = YES;
				CLANG_WARN_BOOL_CONVERSION = YES;
				CLANG_WARN_COMMA = YES;
				CLANG_WARN_CONSTANT_CONVERSION = YES;
				CLANG_WARN_DEPRECATED_OBJC_IMPLEMENTATIONS = YES;
				CLANG_WARN_DIRECT_OBJC_ISA_USAGE = YES_ERROR;
				CLANG_WARN_DOCUMENTATION_COMMENTS = YES;
				CLANG_WARN_EMPTY_BODY = YES;
				CLANG_WARN_ENUM_CONVERSION = YES;
				CLANG_WARN_INFINITE_RECURSION = YES;
				CLANG_WARN_INT_CONVERSION = YES;
				CLANG_WARN_NON_LITERAL_NULL_CONVERSION = YES;
				CLANG_WARN_OBJC_IMPLICIT_RETAIN_SELF = YES;
				CLANG_WARN_OBJC_LITERAL_CONVERSION = YES;
				CLANG_WARN_OBJC_ROOT_CLASS = YES_ERROR;
				CLANG_WARN_QUOTED_INCLUDE_IN_FRAMEWORK_HEADER = YES;
				CLANG_WARN_RANGE_LOOP_ANALYSIS = YES;
				CLANG_WARN_STRICT_PROTOTYPES = YES;
				CLANG_WARN_SUSPICIOUS_MOVE = YES;
				CLANG_WARN_UNGUARDED_AVAILABILITY = YES_AGGRESSIVE;
				CLANG_WARN_UNREACHABLE_CODE = YES;
				CLANG_WARN__DUPLICATE_METHOD_MATCH = YES;
				COPY_PHASE_STRIP = NO;
				DEBUG_INFORMATION_FORMAT = dwarf;
				ENABLE_STRICT_OBJC_MSGSEND = YES;
				ENABLE_TESTABILITY = YES;
				GCC_C_LANGUAGE_STANDARD = gnu11;
				GCC_DYNAMIC_NO_PIC = NO;
				GCC_NO_COMMON_BLOCKS = YES;
				GCC_OPTIMIZATION_LEVEL = 0;
				GCC_PREPROCESSOR_DEFINITIONS = (
					"DEBUG=1",
					"$(inherited)",
				);
				GCC_WARN_64_TO_32_BIT_CONVERSION = YES;
				GCC_WARN_ABOUT_RETURN_TYPE = YES_ERROR;
				GCC_WARN_UNDECLARED_SELECTOR = YES;
				GCC_WARN_UNINITIALIZED_AUTOS = YES_AGGRESSIVE;
				GCC_WARN_UNUSED_FUNCTION = YES;
				GCC_WARN_UNUSED_VARIABLE = YES;
				IPHONEOS_DEPLOYMENT_TARGET = 14.4;
				MTL_ENABLE_DEBUG_INFO = INCLUDE_SOURCE;
				MTL_FAST_MATH = YES;
				ONLY_ACTIVE_ARCH = YES;
				SDKROOT = iphoneos;
				SWIFT_ACTIVE_COMPILATION_CONDITIONS = DEBUG;
				SWIFT_OPTIMIZATION_LEVEL = "-Onone";
			};
			name = Debug;
		};
		B8DC5E16262B10A4009193C4 /* Release */ = {
			isa = XCBuildConfiguration;
			buildSettings = {
				ALWAYS_SEARCH_USER_PATHS = NO;
				CLANG_ANALYZER_NONNULL = YES;
				CLANG_ANALYZER_NUMBER_OBJECT_CONVERSION = YES_AGGRESSIVE;
				CLANG_CXX_LANGUAGE_STANDARD = "gnu++14";
				CLANG_CXX_LIBRARY = "libc++";
				CLANG_ENABLE_MODULES = YES;
				CLANG_ENABLE_OBJC_ARC = YES;
				CLANG_ENABLE_OBJC_WEAK = YES;
				CLANG_WARN_BLOCK_CAPTURE_AUTORELEASING = YES;
				CLANG_WARN_BOOL_CONVERSION = YES;
				CLANG_WARN_COMMA = YES;
				CLANG_WARN_CONSTANT_CONVERSION = YES;
				CLANG_WARN_DEPRECATED_OBJC_IMPLEMENTATIONS = YES;
				CLANG_WARN_DIRECT_OBJC_ISA_USAGE = YES_ERROR;
				CLANG_WARN_DOCUMENTATION_COMMENTS = YES;
				CLANG_WARN_EMPTY_BODY = YES;
				CLANG_WARN_ENUM_CONVERSION = YES;
				CLANG_WARN_INFINITE_RECURSION = YES;
				CLANG_WARN_INT_CONVERSION = YES;
				CLANG_WARN_NON_LITERAL_NULL_CONVERSION = YES;
				CLANG_WARN_OBJC_IMPLICIT_RETAIN_SELF = YES;
				CLANG_WARN_OBJC_LITERAL_CONVERSION = YES;
				CLANG_WARN_OBJC_ROOT_CLASS = YES_ERROR;
				CLANG_WARN_QUOTED_INCLUDE_IN_FRAMEWORK_HEADER = YES;
				CLANG_WARN_RANGE_LOOP_ANALYSIS = YES;
				CLANG_WARN_STRICT_PROTOTYPES = YES;
				CLANG_WARN_SUSPICIOUS_MOVE = YES;
				CLANG_WARN_UNGUARDED_AVAILABILITY = YES_AGGRESSIVE;
				CLANG_WARN_UNREACHABLE_CODE = YES;
				CLANG_WARN__DUPLICATE_METHOD_MATCH = YES;
				COPY_PHASE_STRIP = NO;
				DEBUG_INFORMATION_FORMAT = "dwarf-with-dsym";
				ENABLE_NS_ASSERTIONS = NO;
				ENABLE_STRICT_OBJC_MSGSEND = YES;
				GCC_C_LANGUAGE_STANDARD = gnu11;
				GCC_NO_COMMON_BLOCKS = YES;
				GCC_WARN_64_TO_32_BIT_CONVERSION = YES;
				GCC_WARN_ABOUT_RETURN_TYPE = YES_ERROR;
				GCC_WARN_UNDECLARED_SELECTOR = YES;
				GCC_WARN_UNINITIALIZED_AUTOS = YES_AGGRESSIVE;
				GCC_WARN_UNUSED_FUNCTION = YES;
				GCC_WARN_UNUSED_VARIABLE = YES;
				IPHONEOS_DEPLOYMENT_TARGET = 14.4;
				MTL_ENABLE_DEBUG_INFO = NO;
				MTL_FAST_MATH = YES;
				SDKROOT = iphoneos;
				SWIFT_COMPILATION_MODE = wholemodule;
				SWIFT_OPTIMIZATION_LEVEL = "-O";
				VALIDATE_PRODUCT = YES;
			};
			name = Release;
		};
		B8DC5E18262B10A4009193C4 /* Debug */ = {
			isa = XCBuildConfiguration;
			buildSettings = {
				ASSETCATALOG_COMPILER_APPICON_NAME = AppIcon;
				ASSETCATALOG_COMPILER_GLOBAL_ACCENT_COLOR_NAME = AccentColor;
				CODE_SIGN_STYLE = Automatic;
				DEVELOPMENT_TEAM = 7353CQCGQC;
				INFOPLIST_FILE = "GitHub Followers/Info.plist";
				LD_RUNPATH_SEARCH_PATHS = (
					"$(inherited)",
					"@executable_path/Frameworks",
				);
				PRODUCT_BUNDLE_IDENTIFIER = "com.subvert.GitHub-Followers";
				PRODUCT_NAME = "$(TARGET_NAME)";
				SWIFT_VERSION = 5.0;
				TARGETED_DEVICE_FAMILY = 1;
			};
			name = Debug;
		};
		B8DC5E19262B10A4009193C4 /* Release */ = {
			isa = XCBuildConfiguration;
			buildSettings = {
				ASSETCATALOG_COMPILER_APPICON_NAME = AppIcon;
				ASSETCATALOG_COMPILER_GLOBAL_ACCENT_COLOR_NAME = AccentColor;
				CODE_SIGN_STYLE = Automatic;
				DEVELOPMENT_TEAM = 7353CQCGQC;
				INFOPLIST_FILE = "GitHub Followers/Info.plist";
				LD_RUNPATH_SEARCH_PATHS = (
					"$(inherited)",
					"@executable_path/Frameworks",
				);
				PRODUCT_BUNDLE_IDENTIFIER = "com.subvert.GitHub-Followers";
				PRODUCT_NAME = "$(TARGET_NAME)";
				SWIFT_VERSION = 5.0;
				TARGETED_DEVICE_FAMILY = 1;
			};
			name = Release;
		};
/* End XCBuildConfiguration section */

/* Begin XCConfigurationList section */
		B8DC5DFE262B10A1009193C4 /* Build configuration list for PBXProject "GitHub Followers" */ = {
			isa = XCConfigurationList;
			buildConfigurations = (
				B8DC5E15262B10A4009193C4 /* Debug */,
				B8DC5E16262B10A4009193C4 /* Release */,
			);
			defaultConfigurationIsVisible = 0;
			defaultConfigurationName = Release;
		};
		B8DC5E17262B10A4009193C4 /* Build configuration list for PBXNativeTarget "GitHub Followers" */ = {
			isa = XCConfigurationList;
			buildConfigurations = (
				B8DC5E18262B10A4009193C4 /* Debug */,
				B8DC5E19262B10A4009193C4 /* Release */,
			);
			defaultConfigurationIsVisible = 0;
			defaultConfigurationName = Release;
		};
/* End XCConfigurationList section */
	};
	rootObject = B8DC5DFB262B10A1009193C4 /* Project object */;
}
